PODS:
  - _NIODataStructures (2.40.0)
  - boost (1.76.0)
  - CGRPCZlib (1.8.0)
  - CNIOAtomics (2.40.0)
  - CNIOBoringSSL (2.19.0)
  - CNIOBoringSSLShims (2.19.0):
    - CNIOBoringSSL (= 2.19.0)
  - CNIODarwin (2.40.0)
  - CNIOHTTPParser (2.40.0)
  - CNIOLinux (2.40.0)
  - CNIOWindows (2.40.0)
  - DoubleConversion (1.1.6)
  - FBLazyVector (0.70.6)
  - FBReactNativeSpec (0.70.6):
    - RCT-Folly (= 2021.07.22.00)
    - RCTRequired (= 0.70.6)
    - RCTTypeSafety (= 0.70.6)
    - React-Core (= 0.70.6)
    - React-jsi (= 0.70.6)
    - ReactCommon/turbomodule/core (= 0.70.6)
  - fmt (6.2.1)
  - glog (0.3.5)
  - gRPC-Swift (1.8.0):
    - CGRPCZlib (= 1.8.0)
    - Logging (< 2.0.0, >= 1.4.0)
    - SwiftNIO (< 3.0.0, >= 2.32.0)
    - SwiftNIOExtras (< 2.0.0, >= 1.4.0)
    - SwiftNIOHTTP2 (< 2.0.0, >= 1.22.0)
    - SwiftNIOSSL (< 3.0.0, >= 2.14.0)
    - SwiftNIOTransportServices (< 2.0.0, >= 1.11.1)
    - SwiftProtobuf (< 2.0.0, >= 1.19.0)
  - hermes-engine (0.70.6)
  - libevent (2.1.12)
  - Logging (1.4.0)
  - RCT-Folly (2021.07.22.00):
    - boost
    - DoubleConversion
    - fmt (~> 6.2.1)
    - glog
    - RCT-Folly/Default (= 2021.07.22.00)
  - RCT-Folly/Default (2021.07.22.00):
    - boost
    - DoubleConversion
    - fmt (~> 6.2.1)
    - glog
  - RCT-Folly/Futures (2021.07.22.00):
    - boost
    - DoubleConversion
    - fmt (~> 6.2.1)
    - glog
    - libevent
  - RCTRequired (0.70.6)
  - RCTTypeSafety (0.70.6):
    - FBLazyVector (= 0.70.6)
    - RCTRequired (= 0.70.6)
    - React-Core (= 0.70.6)
  - React (0.70.6):
    - React-Core (= 0.70.6)
    - React-Core/DevSupport (= 0.70.6)
    - React-Core/RCTWebSocket (= 0.70.6)
    - React-RCTActionSheet (= 0.70.6)
    - React-RCTAnimation (= 0.70.6)
    - React-RCTBlob (= 0.70.6)
    - React-RCTImage (= 0.70.6)
    - React-RCTLinking (= 0.70.6)
    - React-RCTNetwork (= 0.70.6)
    - React-RCTSettings (= 0.70.6)
    - React-RCTText (= 0.70.6)
    - React-RCTVibration (= 0.70.6)
  - React-bridging (0.70.6):
    - RCT-Folly (= 2021.07.22.00)
    - React-jsi (= 0.70.6)
  - React-callinvoker (0.70.6)
  - React-Codegen (0.70.6):
    - FBReactNativeSpec (= 0.70.6)
    - RCT-Folly (= 2021.07.22.00)
    - RCTRequired (= 0.70.6)
    - RCTTypeSafety (= 0.70.6)
    - React-Core (= 0.70.6)
    - React-jsi (= 0.70.6)
    - React-jsiexecutor (= 0.70.6)
    - ReactCommon/turbomodule/core (= 0.70.6)
  - React-Core (0.70.6):
    - glog
    - RCT-Folly (= 2021.07.22.00)
    - React-Core/Default (= 0.70.6)
    - React-cxxreact (= 0.70.6)
    - React-jsi (= 0.70.6)
    - React-jsiexecutor (= 0.70.6)
    - React-perflogger (= 0.70.6)
    - Yoga
  - React-Core/CoreModulesHeaders (0.70.6):
    - glog
    - RCT-Folly (= 2021.07.22.00)
    - React-Core/Default
    - React-cxxreact (= 0.70.6)
    - React-jsi (= 0.70.6)
    - React-jsiexecutor (= 0.70.6)
    - React-perflogger (= 0.70.6)
    - Yoga
  - React-Core/Default (0.70.6):
    - glog
    - RCT-Folly (= 2021.07.22.00)
    - React-cxxreact (= 0.70.6)
    - React-jsi (= 0.70.6)
    - React-jsiexecutor (= 0.70.6)
    - React-perflogger (= 0.70.6)
    - Yoga
  - React-Core/DevSupport (0.70.6):
    - glog
    - RCT-Folly (= 2021.07.22.00)
    - React-Core/Default (= 0.70.6)
    - React-Core/RCTWebSocket (= 0.70.6)
    - React-cxxreact (= 0.70.6)
    - React-jsi (= 0.70.6)
    - React-jsiexecutor (= 0.70.6)
    - React-jsinspector (= 0.70.6)
    - React-perflogger (= 0.70.6)
    - Yoga
  - React-Core/RCTActionSheetHeaders (0.70.6):
    - glog
    - RCT-Folly (= 2021.07.22.00)
    - React-Core/Default
    - React-cxxreact (= 0.70.6)
    - React-jsi (= 0.70.6)
    - React-jsiexecutor (= 0.70.6)
    - React-perflogger (= 0.70.6)
    - Yoga
  - React-Core/RCTAnimationHeaders (0.70.6):
    - glog
    - RCT-Folly (= 2021.07.22.00)
    - React-Core/Default
    - React-cxxreact (= 0.70.6)
    - React-jsi (= 0.70.6)
    - React-jsiexecutor (= 0.70.6)
    - React-perflogger (= 0.70.6)
    - Yoga
  - React-Core/RCTBlobHeaders (0.70.6):
    - glog
    - RCT-Folly (= 2021.07.22.00)
    - React-Core/Default
    - React-cxxreact (= 0.70.6)
    - React-jsi (= 0.70.6)
    - React-jsiexecutor (= 0.70.6)
    - React-perflogger (= 0.70.6)
    - Yoga
  - React-Core/RCTImageHeaders (0.70.6):
    - glog
    - RCT-Folly (= 2021.07.22.00)
    - React-Core/Default
    - React-cxxreact (= 0.70.6)
    - React-jsi (= 0.70.6)
    - React-jsiexecutor (= 0.70.6)
    - React-perflogger (= 0.70.6)
    - Yoga
  - React-Core/RCTLinkingHeaders (0.70.6):
    - glog
    - RCT-Folly (= 2021.07.22.00)
    - React-Core/Default
    - React-cxxreact (= 0.70.6)
    - React-jsi (= 0.70.6)
    - React-jsiexecutor (= 0.70.6)
    - React-perflogger (= 0.70.6)
    - Yoga
  - React-Core/RCTNetworkHeaders (0.70.6):
    - glog
    - RCT-Folly (= 2021.07.22.00)
    - React-Core/Default
    - React-cxxreact (= 0.70.6)
    - React-jsi (= 0.70.6)
    - React-jsiexecutor (= 0.70.6)
    - React-perflogger (= 0.70.6)
    - Yoga
  - React-Core/RCTSettingsHeaders (0.70.6):
    - glog
    - RCT-Folly (= 2021.07.22.00)
    - React-Core/Default
    - React-cxxreact (= 0.70.6)
    - React-jsi (= 0.70.6)
    - React-jsiexecutor (= 0.70.6)
    - React-perflogger (= 0.70.6)
    - Yoga
  - React-Core/RCTTextHeaders (0.70.6):
    - glog
    - RCT-Folly (= 2021.07.22.00)
    - React-Core/Default
    - React-cxxreact (= 0.70.6)
    - React-jsi (= 0.70.6)
    - React-jsiexecutor (= 0.70.6)
    - React-perflogger (= 0.70.6)
    - Yoga
  - React-Core/RCTVibrationHeaders (0.70.6):
    - glog
    - RCT-Folly (= 2021.07.22.00)
    - React-Core/Default
    - React-cxxreact (= 0.70.6)
    - React-jsi (= 0.70.6)
    - React-jsiexecutor (= 0.70.6)
    - React-perflogger (= 0.70.6)
    - Yoga
  - React-Core/RCTWebSocket (0.70.6):
    - glog
    - RCT-Folly (= 2021.07.22.00)
    - React-Core/Default (= 0.70.6)
    - React-cxxreact (= 0.70.6)
    - React-jsi (= 0.70.6)
    - React-jsiexecutor (= 0.70.6)
    - React-perflogger (= 0.70.6)
    - Yoga
  - React-CoreModules (0.70.6):
    - RCT-Folly (= 2021.07.22.00)
    - RCTTypeSafety (= 0.70.6)
    - React-Codegen (= 0.70.6)
    - React-Core/CoreModulesHeaders (= 0.70.6)
    - React-jsi (= 0.70.6)
    - React-RCTImage (= 0.70.6)
    - ReactCommon/turbomodule/core (= 0.70.6)
  - React-cxxreact (0.70.6):
    - boost (= 1.76.0)
    - DoubleConversion
    - glog
    - RCT-Folly (= 2021.07.22.00)
    - React-callinvoker (= 0.70.6)
    - React-jsi (= 0.70.6)
    - React-jsinspector (= 0.70.6)
    - React-logger (= 0.70.6)
    - React-perflogger (= 0.70.6)
    - React-runtimeexecutor (= 0.70.6)
  - React-hermes (0.70.6):
    - DoubleConversion
    - glog
    - hermes-engine
    - RCT-Folly (= 2021.07.22.00)
    - RCT-Folly/Futures (= 2021.07.22.00)
    - React-cxxreact (= 0.70.6)
    - React-jsi (= 0.70.6)
    - React-jsiexecutor (= 0.70.6)
    - React-jsinspector (= 0.70.6)
    - React-perflogger (= 0.70.6)
  - React-jsi (0.70.6):
    - boost (= 1.76.0)
    - DoubleConversion
    - glog
    - RCT-Folly (= 2021.07.22.00)
    - React-jsi/Default (= 0.70.6)
  - React-jsi/Default (0.70.6):
    - boost (= 1.76.0)
    - DoubleConversion
    - glog
    - RCT-Folly (= 2021.07.22.00)
  - React-jsiexecutor (0.70.6):
    - DoubleConversion
    - glog
    - RCT-Folly (= 2021.07.22.00)
    - React-cxxreact (= 0.70.6)
    - React-jsi (= 0.70.6)
    - React-perflogger (= 0.70.6)
  - React-jsinspector (0.70.6)
  - React-logger (0.70.6):
    - glog
  - react-native-grpc (1.0.0-1):
    - gRPC-Swift
    - React-Core
  - React-perflogger (0.70.6)
  - React-RCTActionSheet (0.70.6):
    - React-Core/RCTActionSheetHeaders (= 0.70.6)
  - React-RCTAnimation (0.70.6):
    - RCT-Folly (= 2021.07.22.00)
    - RCTTypeSafety (= 0.70.6)
    - React-Codegen (= 0.70.6)
    - React-Core/RCTAnimationHeaders (= 0.70.6)
    - React-jsi (= 0.70.6)
    - ReactCommon/turbomodule/core (= 0.70.6)
  - React-RCTBlob (0.70.6):
    - RCT-Folly (= 2021.07.22.00)
    - React-Codegen (= 0.70.6)
    - React-Core/RCTBlobHeaders (= 0.70.6)
    - React-Core/RCTWebSocket (= 0.70.6)
    - React-jsi (= 0.70.6)
    - React-RCTNetwork (= 0.70.6)
    - ReactCommon/turbomodule/core (= 0.70.6)
  - React-RCTImage (0.70.6):
    - RCT-Folly (= 2021.07.22.00)
    - RCTTypeSafety (= 0.70.6)
    - React-Codegen (= 0.70.6)
    - React-Core/RCTImageHeaders (= 0.70.6)
    - React-jsi (= 0.70.6)
    - React-RCTNetwork (= 0.70.6)
    - ReactCommon/turbomodule/core (= 0.70.6)
  - React-RCTLinking (0.70.6):
    - React-Codegen (= 0.70.6)
    - React-Core/RCTLinkingHeaders (= 0.70.6)
    - React-jsi (= 0.70.6)
    - ReactCommon/turbomodule/core (= 0.70.6)
  - React-RCTNetwork (0.70.6):
    - RCT-Folly (= 2021.07.22.00)
    - RCTTypeSafety (= 0.70.6)
    - React-Codegen (= 0.70.6)
    - React-Core/RCTNetworkHeaders (= 0.70.6)
    - React-jsi (= 0.70.6)
    - ReactCommon/turbomodule/core (= 0.70.6)
  - React-RCTSettings (0.70.6):
    - RCT-Folly (= 2021.07.22.00)
    - RCTTypeSafety (= 0.70.6)
    - React-Codegen (= 0.70.6)
    - React-Core/RCTSettingsHeaders (= 0.70.6)
    - React-jsi (= 0.70.6)
    - ReactCommon/turbomodule/core (= 0.70.6)
  - React-RCTText (0.70.6):
    - React-Core/RCTTextHeaders (= 0.70.6)
  - React-RCTVibration (0.70.6):
    - RCT-Folly (= 2021.07.22.00)
    - React-Codegen (= 0.70.6)
    - React-Core/RCTVibrationHeaders (= 0.70.6)
    - React-jsi (= 0.70.6)
    - ReactCommon/turbomodule/core (= 0.70.6)
  - React-runtimeexecutor (0.70.6):
    - React-jsi (= 0.70.6)
  - ReactCommon/turbomodule/core (0.70.6):
    - DoubleConversion
    - glog
    - RCT-Folly (= 2021.07.22.00)
    - React-bridging (= 0.70.6)
    - React-callinvoker (= 0.70.6)
    - React-Core (= 0.70.6)
    - React-cxxreact (= 0.70.6)
    - React-jsi (= 0.70.6)
    - React-logger (= 0.70.6)
    - React-perflogger (= 0.70.6)
  - SwiftNIO (2.40.0):
    - _NIODataStructures (= 2.40.0)
    - CNIOAtomics (= 2.40.0)
    - CNIODarwin (= 2.40.0)
    - CNIOLinux (= 2.40.0)
    - CNIOWindows (= 2.40.0)
    - SwiftNIOConcurrencyHelpers (= 2.40.0)
    - SwiftNIOCore (= 2.40.0)
    - SwiftNIOEmbedded (= 2.40.0)
    - SwiftNIOPosix (= 2.40.0)
  - SwiftNIOConcurrencyHelpers (2.40.0):
    - CNIOAtomics (= 2.40.0)
  - SwiftNIOCore (2.40.0):
    - CNIOAtomics (= 2.40.0)
    - CNIOLinux (= 2.40.0)
    - SwiftNIOConcurrencyHelpers (= 2.40.0)
  - SwiftNIOEmbedded (2.40.0):
    - _NIODataStructures (= 2.40.0)
    - CNIOAtomics (= 2.40.0)
    - CNIOLinux (= 2.40.0)
    - SwiftNIOConcurrencyHelpers (= 2.40.0)
    - SwiftNIOCore (= 2.40.0)
  - SwiftNIOExtras (1.11.0):
    - _NIODataStructures (< 3, >= 2.32.0)
    - CNIOAtomics (< 3, >= 2.32.0)
    - CNIODarwin (< 3, >= 2.32.0)
    - CNIOLinux (< 3, >= 2.32.0)
    - CNIOWindows (< 3, >= 2.32.0)
    - SwiftNIO (< 3, >= 2.32.0)
    - SwiftNIOConcurrencyHelpers (< 3, >= 2.32.0)
    - SwiftNIOCore (< 3, >= 2.32.0)
    - SwiftNIOEmbedded (< 3, >= 2.32.0)
    - SwiftNIOPosix (< 3, >= 2.32.0)
  - SwiftNIOFoundationCompat (2.40.0):
    - _NIODataStructures (= 2.40.0)
    - CNIOAtomics (= 2.40.0)
    - CNIODarwin (= 2.40.0)
    - CNIOLinux (= 2.40.0)
    - CNIOWindows (= 2.40.0)
    - SwiftNIO (= 2.40.0)
    - SwiftNIOConcurrencyHelpers (= 2.40.0)
    - SwiftNIOCore (= 2.40.0)
    - SwiftNIOEmbedded (= 2.40.0)
    - SwiftNIOPosix (= 2.40.0)
  - SwiftNIOHPACK (1.22.0):
    - _NIODataStructures (< 3, >= 2.35.0)
    - CNIOAtomics (< 3, >= 2.35.0)
    - CNIODarwin (< 3, >= 2.35.0)
    - CNIOHTTPParser (< 3, >= 2.35.0)
    - CNIOLinux (< 3, >= 2.35.0)
    - CNIOWindows (< 3, >= 2.35.0)
    - SwiftNIO (< 3, >= 2.35.0)
    - SwiftNIOConcurrencyHelpers (< 3, >= 2.35.0)
    - SwiftNIOCore (< 3, >= 2.35.0)
    - SwiftNIOEmbedded (< 3, >= 2.35.0)
    - SwiftNIOHTTP1 (< 3, >= 2.35.0)
    - SwiftNIOPosix (< 3, >= 2.35.0)
  - SwiftNIOHTTP1 (2.40.0):
    - _NIODataStructures (= 2.40.0)
    - CNIOAtomics (= 2.40.0)
    - CNIODarwin (= 2.40.0)
    - CNIOHTTPParser (= 2.40.0)
    - CNIOLinux (= 2.40.0)
    - CNIOWindows (= 2.40.0)
    - SwiftNIO (= 2.40.0)
    - SwiftNIOConcurrencyHelpers (= 2.40.0)
    - SwiftNIOCore (= 2.40.0)
    - SwiftNIOEmbedded (= 2.40.0)
    - SwiftNIOPosix (= 2.40.0)
  - SwiftNIOHTTP2 (1.22.0):
    - _NIODataStructures (< 3, >= 2.35.0)
    - CNIOAtomics (< 3, >= 2.35.0)
    - CNIODarwin (< 3, >= 2.35.0)
    - CNIOHTTPParser (< 3, >= 2.35.0)
    - CNIOLinux (< 3, >= 2.35.0)
    - CNIOWindows (< 3, >= 2.35.0)
    - SwiftNIO (< 3, >= 2.35.0)
    - SwiftNIOConcurrencyHelpers (< 3, >= 2.35.0)
    - SwiftNIOCore (< 3, >= 2.35.0)
    - SwiftNIOEmbedded (< 3, >= 2.35.0)
    - SwiftNIOHPACK (= 1.22.0)
    - SwiftNIOHTTP1 (< 3, >= 2.35.0)
    - SwiftNIOPosix (< 3, >= 2.35.0)
    - SwiftNIOTLS (< 3, >= 2.35.0)
  - SwiftNIOPosix (2.40.0):
    - _NIODataStructures (= 2.40.0)
    - CNIOAtomics (= 2.40.0)
    - CNIODarwin (= 2.40.0)
    - CNIOLinux (= 2.40.0)
    - CNIOWindows (= 2.40.0)
    - SwiftNIOConcurrencyHelpers (= 2.40.0)
    - SwiftNIOCore (= 2.40.0)
  - SwiftNIOSSL (2.19.0):
    - _NIODataStructures (< 3, >= 2.32.0)
    - CNIOAtomics (< 3, >= 2.32.0)
    - CNIOBoringSSL (= 2.19.0)
    - CNIOBoringSSLShims (= 2.19.0)
    - CNIODarwin (< 3, >= 2.32.0)
    - CNIOLinux (< 3, >= 2.32.0)
    - CNIOWindows (< 3, >= 2.32.0)
    - SwiftNIO (< 3, >= 2.32.0)
    - SwiftNIOConcurrencyHelpers (< 3, >= 2.32.0)
    - SwiftNIOCore (< 3, >= 2.32.0)
    - SwiftNIOEmbedded (< 3, >= 2.32.0)
    - SwiftNIOPosix (< 3, >= 2.32.0)
    - SwiftNIOTLS (< 3, >= 2.32.0)
  - SwiftNIOTLS (2.40.0):
    - _NIODataStructures (= 2.40.0)
    - CNIOAtomics (= 2.40.0)
    - CNIODarwin (= 2.40.0)
    - CNIOLinux (= 2.40.0)
    - CNIOWindows (= 2.40.0)
    - SwiftNIO (= 2.40.0)
    - SwiftNIOConcurrencyHelpers (= 2.40.0)
    - SwiftNIOCore (= 2.40.0)
    - SwiftNIOEmbedded (= 2.40.0)
    - SwiftNIOPosix (= 2.40.0)
  - SwiftNIOTransportServices (1.12.0):
    - _NIODataStructures (< 3, >= 2.32.0)
    - CNIOAtomics (< 3, >= 2.32.0)
    - CNIODarwin (< 3, >= 2.32.0)
    - CNIOLinux (< 3, >= 2.32.0)
    - CNIOWindows (< 3, >= 2.32.0)
    - SwiftNIO (< 3, >= 2.32.0)
    - SwiftNIOConcurrencyHelpers (< 3, >= 2.32.0)
    - SwiftNIOCore (< 3, >= 2.32.0)
    - SwiftNIOEmbedded (< 3, >= 2.32.0)
    - SwiftNIOFoundationCompat (< 3, >= 2.32.0)
    - SwiftNIOPosix (< 3, >= 2.32.0)
    - SwiftNIOTLS (< 3, >= 2.32.0)
  - SwiftProtobuf (1.20.3)
  - Yoga (1.14.0)

DEPENDENCIES:
  - boost (from `../node_modules/react-native/third-party-podspecs/boost.podspec`)
  - DoubleConversion (from `../node_modules/react-native/third-party-podspecs/DoubleConversion.podspec`)
  - FBLazyVector (from `../node_modules/react-native/Libraries/FBLazyVector`)
  - FBReactNativeSpec (from `../node_modules/react-native/React/FBReactNativeSpec`)
  - glog (from `../node_modules/react-native/third-party-podspecs/glog.podspec`)
  - hermes-engine (from `../node_modules/react-native/sdks/hermes/hermes-engine.podspec`)
  - libevent (~> 2.1.12)
  - RCT-Folly (from `../node_modules/react-native/third-party-podspecs/RCT-Folly.podspec`)
  - RCTRequired (from `../node_modules/react-native/Libraries/RCTRequired`)
  - RCTTypeSafety (from `../node_modules/react-native/Libraries/TypeSafety`)
  - React (from `../node_modules/react-native/`)
  - React-bridging (from `../node_modules/react-native/ReactCommon`)
  - React-callinvoker (from `../node_modules/react-native/ReactCommon/callinvoker`)
  - React-Codegen (from `build/generated/ios`)
  - React-Core (from `../node_modules/react-native/`)
  - React-Core/RCTWebSocket (from `../node_modules/react-native/`)
  - React-CoreModules (from `../node_modules/react-native/React/CoreModules`)
  - React-cxxreact (from `../node_modules/react-native/ReactCommon/cxxreact`)
  - React-hermes (from `../node_modules/react-native/ReactCommon/hermes`)
  - React-jsi (from `../node_modules/react-native/ReactCommon/jsi`)
  - React-jsiexecutor (from `../node_modules/react-native/ReactCommon/jsiexecutor`)
  - React-jsinspector (from `../node_modules/react-native/ReactCommon/jsinspector`)
  - React-logger (from `../node_modules/react-native/ReactCommon/logger`)
  - react-native-grpc (from `../..`)
  - React-perflogger (from `../node_modules/react-native/ReactCommon/reactperflogger`)
  - React-RCTActionSheet (from `../node_modules/react-native/Libraries/ActionSheetIOS`)
  - React-RCTAnimation (from `../node_modules/react-native/Libraries/NativeAnimation`)
  - React-RCTBlob (from `../node_modules/react-native/Libraries/Blob`)
  - React-RCTImage (from `../node_modules/react-native/Libraries/Image`)
  - React-RCTLinking (from `../node_modules/react-native/Libraries/LinkingIOS`)
  - React-RCTNetwork (from `../node_modules/react-native/Libraries/Network`)
  - React-RCTSettings (from `../node_modules/react-native/Libraries/Settings`)
  - React-RCTText (from `../node_modules/react-native/Libraries/Text`)
  - React-RCTVibration (from `../node_modules/react-native/Libraries/Vibration`)
  - React-runtimeexecutor (from `../node_modules/react-native/ReactCommon/runtimeexecutor`)
  - ReactCommon/turbomodule/core (from `../node_modules/react-native/ReactCommon`)
  - Yoga (from `../node_modules/react-native/ReactCommon/yoga`)

SPEC REPOS:
  trunk:
    - _NIODataStructures
    - CGRPCZlib
    - CNIOAtomics
    - CNIOBoringSSL
    - CNIOBoringSSLShims
    - CNIODarwin
    - CNIOHTTPParser
    - CNIOLinux
    - CNIOWindows
    - fmt
    - gRPC-Swift
    - libevent
    - Logging
    - SwiftNIO
    - SwiftNIOConcurrencyHelpers
    - SwiftNIOCore
    - SwiftNIOEmbedded
    - SwiftNIOExtras
    - SwiftNIOFoundationCompat
    - SwiftNIOHPACK
    - SwiftNIOHTTP1
    - SwiftNIOHTTP2
    - SwiftNIOPosix
    - SwiftNIOSSL
    - SwiftNIOTLS
    - SwiftNIOTransportServices
    - SwiftProtobuf

EXTERNAL SOURCES:
  boost:
    :podspec: "../node_modules/react-native/third-party-podspecs/boost.podspec"
  DoubleConversion:
    :podspec: "../node_modules/react-native/third-party-podspecs/DoubleConversion.podspec"
  FBLazyVector:
    :path: "../node_modules/react-native/Libraries/FBLazyVector"
  FBReactNativeSpec:
    :path: "../node_modules/react-native/React/FBReactNativeSpec"
  glog:
    :podspec: "../node_modules/react-native/third-party-podspecs/glog.podspec"
  hermes-engine:
    :podspec: "../node_modules/react-native/sdks/hermes/hermes-engine.podspec"
  RCT-Folly:
    :podspec: "../node_modules/react-native/third-party-podspecs/RCT-Folly.podspec"
  RCTRequired:
    :path: "../node_modules/react-native/Libraries/RCTRequired"
  RCTTypeSafety:
    :path: "../node_modules/react-native/Libraries/TypeSafety"
  React:
    :path: "../node_modules/react-native/"
  React-bridging:
    :path: "../node_modules/react-native/ReactCommon"
  React-callinvoker:
    :path: "../node_modules/react-native/ReactCommon/callinvoker"
  React-Codegen:
    :path: build/generated/ios
  React-Core:
    :path: "../node_modules/react-native/"
  React-CoreModules:
    :path: "../node_modules/react-native/React/CoreModules"
  React-cxxreact:
    :path: "../node_modules/react-native/ReactCommon/cxxreact"
  React-hermes:
    :path: "../node_modules/react-native/ReactCommon/hermes"
  React-jsi:
    :path: "../node_modules/react-native/ReactCommon/jsi"
  React-jsiexecutor:
    :path: "../node_modules/react-native/ReactCommon/jsiexecutor"
  React-jsinspector:
    :path: "../node_modules/react-native/ReactCommon/jsinspector"
  React-logger:
    :path: "../node_modules/react-native/ReactCommon/logger"
  react-native-grpc:
    :path: "../.."
  React-perflogger:
    :path: "../node_modules/react-native/ReactCommon/reactperflogger"
  React-RCTActionSheet:
    :path: "../node_modules/react-native/Libraries/ActionSheetIOS"
  React-RCTAnimation:
    :path: "../node_modules/react-native/Libraries/NativeAnimation"
  React-RCTBlob:
    :path: "../node_modules/react-native/Libraries/Blob"
  React-RCTImage:
    :path: "../node_modules/react-native/Libraries/Image"
  React-RCTLinking:
    :path: "../node_modules/react-native/Libraries/LinkingIOS"
  React-RCTNetwork:
    :path: "../node_modules/react-native/Libraries/Network"
  React-RCTSettings:
    :path: "../node_modules/react-native/Libraries/Settings"
  React-RCTText:
    :path: "../node_modules/react-native/Libraries/Text"
  React-RCTVibration:
    :path: "../node_modules/react-native/Libraries/Vibration"
  React-runtimeexecutor:
    :path: "../node_modules/react-native/ReactCommon/runtimeexecutor"
  ReactCommon:
    :path: "../node_modules/react-native/ReactCommon"
  Yoga:
    :path: "../node_modules/react-native/ReactCommon/yoga"

SPEC CHECKSUMS:
  _NIODataStructures: 3d45d8e70a1d17a15b1dc59d102c63dbc0525ffd
  boost: a7c83b31436843459a1961bfd74b96033dc77234
  CGRPCZlib: 298dd3237ba4bd7b3eed109e7080ff3324b7d9c9
  CNIOAtomics: 8edf08644e5e6fa0f021c239be9e8beb1cd9ef18
  CNIOBoringSSL: 2c9c96c2e95f15e83fb8d26b9738d939cc39ae33
  CNIOBoringSSLShims: c5c9346e7bbd1040f4f8793a35441dda7487539a
  CNIODarwin: 93850990d29f2626b05306c6c9309f9be0d74c2f
  CNIOHTTPParser: 8ce395236fa1d09ac3b4f4bcfba79b849b2ac684
  CNIOLinux: 62e3505f50de558c393dc2f273dde71dcce518da
  CNIOWindows: 3047f2d8165848a3936a0a755fee27c6b5ee479b
  DoubleConversion: 5189b271737e1565bdce30deb4a08d647e3f5f54
  FBLazyVector: 48289402952f4f7a4e235de70a9a590aa0b79ef4
  FBReactNativeSpec: dd1186fd05255e3457baa2f4ca65e94c2cd1e3ac
  fmt: ff9d55029c625d3757ed641535fd4a75fedc7ce9
  glog: 04b94705f318337d7ead9e6d17c019bd9b1f6b1b
  gRPC-Swift: 74adcaaa62ac5e0a018938840328cb1fdfb09e7b
  hermes-engine: 2af7b7a59128f250adfd86f15aa1d5a2ecd39995
  libevent: 4049cae6c81cdb3654a443be001fb9bdceff7913
  Logging: beeb016c9c80cf77042d62e83495816847ef108b
  RCT-Folly: 0080d0a6ebf2577475bda044aa59e2ca1f909cda
  RCTRequired: e1866f61af7049eb3d8e08e8b133abd38bc1ca7a
  RCTTypeSafety: 27c2ac1b00609a432ced1ae701247593f07f901e
  React: bb3e06418d2cc48a84f9666a576c7b38e89cd7db
  React-bridging: 572502ec59c9de30309afdc4932e278214288913
  React-callinvoker: 6b708b79c69f3359d42f1abb4663f620dbd4dadf
  React-Codegen: 74e1cd7cee692a8b983c18df3274b5e749de07c8
  React-Core: b587d0a624f9611b0e032505f3d6f25e8daa2bee
  React-CoreModules: c6ff48b985e7aa622e82ca51c2c353c7803eb04e
  React-cxxreact: ade3d9e63c599afdead3c35f8a8bd12b3da6730b
  React-hermes: ed09ae33512bbb8d31b2411778f3af1a2eb681a1
  React-jsi: 5a3952e0c6d57460ad9ee2c905025b4c28f71087
  React-jsiexecutor: b4a65947391c658450151275aa406f2b8263178f
  React-jsinspector: 60769e5a0a6d4b32294a2456077f59d0266f9a8b
  React-logger: 1623c216abaa88974afce404dc8f479406bbc3a0
  react-native-grpc: 328ef8ca6228c1a408dc0ebe3d0d5eab949fd13a
  React-perflogger: 8c79399b0500a30ee8152d0f9f11beae7fc36595
  React-RCTActionSheet: 7316773acabb374642b926c19aef1c115df5c466
  React-RCTAnimation: 5341e288375451297057391227f691d9b2326c3d
  React-RCTBlob: b0615fc2daf2b5684ade8fadcab659f16f6f0efa
  React-RCTImage: 6487b9600f268ecedcaa86114d97954d31ad4750
  React-RCTLinking: c8018ae9ebfefcec3839d690d4725f8d15e4e4b3
  React-RCTNetwork: 8aa63578741e0fe1205c28d7d4b40dbfdabce8a8
  React-RCTSettings: d00c15ad369cd62242a4dfcc6f277912b4a84ed3
  React-RCTText: f532e5ca52681ecaecea452b3ad7a5b630f50d75
  React-RCTVibration: c75ceef7aa60a33b2d5731ebe5800ddde40cefc4
  React-runtimeexecutor: 15437b576139df27635400de0599d9844f1ab817
  ReactCommon: 349be31adeecffc7986a0de875d7fb0dcf4e251c
  SwiftNIO: 829958aab300642625091f82fc2f49cb7cf4ef24
  SwiftNIOConcurrencyHelpers: 697370136789b1074e4535eaae75cbd7f900370e
  SwiftNIOCore: 473fdfe746534d7aa25766916459eeaf6f92ef49
  SwiftNIOEmbedded: ffcb5147db67d9686c8366b7f8427b36132f2c8a
  SwiftNIOExtras: 481f74d6bf0b0ef699905ed66439cb019c4975c9
  SwiftNIOFoundationCompat: b9cdbea4806e4a12e9f66d9696fa3b98c4c3232b
  SwiftNIOHPACK: e7d3ff5bd671528adfb11cd4e0c84ddfdc3c4453
  SwiftNIOHTTP1: ef56706550a1dc135ea69d65215b9941e643c23b
  SwiftNIOHTTP2: cc81d7a6ba70d2ddc5376f471904b27ef5d2b7b8
  SwiftNIOPosix: b49af4bdbecaadfadd5c93dfe28594d6722b75e4
  SwiftNIOSSL: d153c5a6fc5b2301b0519b4c4d037a9414212da6
  SwiftNIOTLS: 598af547490133e9aac52aed0c23c4a90c31dcfc
  SwiftNIOTransportServices: 0b2b407819d82eb63af558c5396e33c945759503
  SwiftProtobuf: b02b5075dcf60c9f5f403000b3b0c202a11b6ae1
  Yoga: 99caf8d5ab45e9d637ee6e0174ec16fbbb01bcfc

PODFILE CHECKSUM: dade9e439d349a55615e971fb13a399b0ba1f887

COCOAPODS: 1.11.3
